
Microsoft Visual Studio Solution File, Format Version 12.00
Project("{FAE04EC0-301F-11D3-BF4B-00C04F79EFBC}") = "Olx.Models", "Olx.Models\Olx.Models.csproj", "{8003AC44-BCF4-497B-93B5-3E43ECFCF743}"
EndProject
Global
	GlobalSection(SolutionConfigurationPlatforms) = preSolution
		Debug|Any CPU = Debug|Any CPU
		Release|Any CPU = Release|Any CPU
	EndGlobalSection
	GlobalSection(ProjectConfigurationPlatforms) = postSolution
		{8003AC44-BCF4-497B-93B5-3E43ECFCF743}.Debug|Any CPU.ActiveCfg = Debug|Any CPU
		{8003AC44-BCF4-497B-93B5-3E43ECFCF743}.Debug|Any CPU.Build.0 = Debug|Any CPU
		{8003AC44-BCF4-497B-93B5-3E43ECFCF743}.Release|Any CPU.ActiveCfg = Release|Any CPU
		{8003AC44-BCF4-497B-93B5-3E43ECFCF743}.Release|Any CPU.Build.0 = Release|Any CPU
	EndGlobalSection
EndGlobal
